<?xml version="1.0" encoding="UTF-8" standalone="yes" ?>
<CodeBlocks_project_file>
	<FileVersion major="1" minor="6" />
	<Project>
		<Option title="RC_in" />
		<Option pch_mode="2" />
		<Option compiler="gcc" />
		<Build>
			<Target title="Debug">
				<Option output="bin/Debug/RC_in" prefix_auto="1" extension_auto="1" />
				<Option object_output="obj/Debug/" />
				<Option type="1" />
				<Option compiler="gcc" />
				<Compiler>
					<Add option="-g" />
				</Compiler>
			</Target>
			<Target title="Release">
				<Option output="bin/Release/RC_in" prefix_auto="1" extension_auto="1" />
				<Option object_output="obj/Release/" />
				<Option type="1" />
				<Option compiler="gcc" />
				<Compiler>
					<Add option="-O2" />
				</Compiler>
				<Linker>
					<Add option="-s" />
				</Linker>
			</Target>
		</Build>
		<Compiler>
			<Add option="-Wall" />
		</Compiler>
		<Unit filename="../message_types/rc_t.hpp" />
		<Unit filename="Common/ADC.h" />
		<Unit filename="Common/I2Cdev.cpp" />
		<Unit filename="Common/I2Cdev.h" />
		<Unit filename="Common/InertialSensor.h" />
		<Unit filename="Common/Led.h" />
		<Unit filename="Common/MPU9250.cpp" />
		<Unit filename="Common/MPU9250.h" />
		<Unit filename="Common/MS5611.cpp" />
		<Unit filename="Common/MS5611.h" />
		<Unit filename="Common/RCInput.h" />
		<Unit filename="Common/RCOutput.h" />
		<Unit filename="Common/SPIdev.h" />
		<Unit filename="Common/Ublox.cpp" />
		<Unit filename="Common/Ublox.h" />
		<Unit filename="Common/Util.cpp" />
		<Unit filename="Common/Util.h" />
		<Unit filename="Common/gpio.cpp" />
		<Unit filename="Common/gpio.h" />
		<Unit filename="Navio2/ADC_Navio2.cpp" />
		<Unit filename="Navio2/ADC_Navio2.h" />
		<Unit filename="Navio2/LSM9DS1.cpp" />
		<Unit filename="Navio2/LSM9DS1.h" />
		<Unit filename="Navio2/Led_Navio2.cpp" />
		<Unit filename="Navio2/Led_Navio2.h" />
		<Unit filename="Navio2/PWM.cpp" />
		<Unit filename="Navio2/PWM.h" />
		<Unit filename="Navio2/RCInput_Navio2.cpp" />
		<Unit filename="Navio2/RCInput_Navio2.h" />
		<Unit filename="Navio2/RCOutput_Navio2.cpp" />
		<Unit filename="Navio2/RCOutput_Navio2.h" />
		<Unit filename="Navio2/RGBled.cpp" />
		<Unit filename="Navio2/RGBled.h" />
		<Unit filename="RC_in_main.cpp" />
		<Extensions>
			<code_completion />
			<debugger />
		</Extensions>
	</Project>
</CodeBlocks_project_file>
